
Microsoft Visual Studio Solution File, Format Version 12.00
# Visual Studio Version 17
VisualStudioVersion = 17.9.34723.18
MinimumVisualStudioVersion = 10.0.40219.1
Project("{FAE04EC0-301F-11D3-BF4B-00C04F79EFBC}") = "DecoratorDesignPattern", "DecoratorDesignPattern\DecoratorDesignPattern.csproj", "{D18F5227-D59A-449B-83C6-22CE7BA2A71D}"
EndProject
Project("{2150E333-8FDC-42A3-9474-1A3956D46DE8}") = "Interfaces", "Interfaces", "{B2AAE919-CA01-4E18-9826-6FD4486DD350}"
	ProjectSection(SolutionItems) = preProject
		IComponent.cs = IComponent.cs
	EndProjectSection
EndProject
Project("{2150E333-8FDC-42A3-9474-1A3956D46DE8}") = "AbstractClasses", "AbstractClasses", "{EF6C73D5-D728-4BA5-9486-E33758460B43}"
	ProjectSection(SolutionItems) = preProject
		Decorator.cs = Decorator.cs
	EndProjectSection
EndProject
Project("{2150E333-8FDC-42A3-9474-1A3956D46DE8}") = "ConcreteClasses", "ConcreteClasses", "{26179AF9-40B5-4A2A-84DD-F8C902AE94A3}"
	ProjectSection(SolutionItems) = preProject
		ConcreteComponent.cs = ConcreteComponent.cs
	EndProjectSection
EndProject
Project("{2150E333-8FDC-42A3-9474-1A3956D46DE8}") = "Decorators", "Decorators", "{DD5CAE65-C5CC-494D-BC07-373304BD8674}"
	ProjectSection(SolutionItems) = preProject
		ColorDecorator.cs = ColorDecorator.cs
		PlainDecorator.cs = PlainDecorator.cs
		UpperCaseDecorator.cs = UpperCaseDecorator.cs
	EndProjectSection
EndProject
Global
	GlobalSection(SolutionConfigurationPlatforms) = preSolution
		Debug|Any CPU = Debug|Any CPU
		Release|Any CPU = Release|Any CPU
	EndGlobalSection
	GlobalSection(ProjectConfigurationPlatforms) = postSolution
		{D18F5227-D59A-449B-83C6-22CE7BA2A71D}.Debug|Any CPU.ActiveCfg = Debug|Any CPU
		{D18F5227-D59A-449B-83C6-22CE7BA2A71D}.Debug|Any CPU.Build.0 = Debug|Any CPU
		{D18F5227-D59A-449B-83C6-22CE7BA2A71D}.Release|Any CPU.ActiveCfg = Release|Any CPU
		{D18F5227-D59A-449B-83C6-22CE7BA2A71D}.Release|Any CPU.Build.0 = Release|Any CPU
	EndGlobalSection
	GlobalSection(SolutionProperties) = preSolution
		HideSolutionNode = FALSE
	EndGlobalSection
	GlobalSection(ExtensibilityGlobals) = postSolution
		SolutionGuid = {DB1526BD-14DE-4C80-A69A-CF25B7EC726D}
	EndGlobalSection
EndGlobal
